{
  "object": {
    "pins": [
      {
        "package": "MKLayout",
        "repositoryURL": "https://github.com/dp221125/MKLayout",
        "state": {
          "branch": null,
          "revision": "36cc05d8725687a0bdb318b22bc3b93fd75869b4",
          "version": "0.1.2"
        }
      }
    ]
  },
  "version": 1
}
