{
  "object": {
    "pins": [
      {
        "package": "MKLayout",
        "repositoryURL": "https://github.com/dp221125/MKLayout",
        "state": {
          "branch": null,
          "revision": "113842443d93c857179c439ba9591b637a257695",
          "version": "0.1.4"
        }
      }
    ]
  },
  "version": 1
}
